// !$*UTF8*$!
{
	archiveVersion = 1;
	classes = {
	};
	objectVersion = 46;
	objects = {

/* Begin PBXBuildFile section */
		F532DBCA1CEF3833000F3373 /* AppDelegate.swift in Sources */ = {isa = PBXBuildFile; fileRef = F532DBC91CEF3833000F3373 /* AppDelegate.swift */; };
		F532DBCC1CEF3833000F3373 /* ViewController.swift in Sources */ = {isa = PBXBuildFile; fileRef = F532DBCB1CEF3833000F3373 /* ViewController.swift */; };
		F532DBCF1CEF3833000F3373 /* Main.storyboard in Resources */ = {isa = PBXBuildFile; fileRef = F532DBCD1CEF3833000F3373 /* Main.storyboard */; };
		F532DBD11CEF3833000F3373 /* Assets.xcassets in Resources */ = {isa = PBXBuildFile; fileRef = F532DBD01CEF3833000F3373 /* Assets.xcassets */; };
		F532DBD41CEF3833000F3373 /* LaunchScreen.storyboard in Resources */ = {isa = PBXBuildFile; fileRef = F532DBD21CEF3833000F3373 /* LaunchScreen.storyboard */; };
/* End PBXBuildFile section */

/* Begin PBXFileReference section */
		F532DBC61CEF3833000F3373 /* PoCTextToSpeech.app */ = {isa = PBXFileReference; explicitFileType = wrapper.application; includeInIndex = 0; path = PoCTextToSpeech.app; sourceTree = BUILT_PRODUCTS_DIR; };
		F532DBC91CEF3833000F3373 /* AppDelegate.swift */ = {isa = PBXFileReference; lastKnownFileType = sourcecode.swift; path = AppDelegate.swift; sourceTree = "<group>"; };
		F532DBCB1CEF3833000F3373 /* ViewController.swift */ = {isa = PBXFileReference; lastKnownFileType = sourcecode.swift; path = ViewController.swift; sourceTree = "<group>"; };
		F532DBCE1CEF3833000F3373 /* Base */ = {isa = PBXFileReference; lastKnownFileType = file.storyboard; name = Base; path = Base.lproj/Main.storyboard; sourceTree = "<group>"; };
		F532DBD01CEF3833000F3373 /* Assets.xcassets */ = {isa = PBXFileReference; lastKnownFileType = folder.assetcatalog; path = Assets.xcassets; sourceTree = "<group>"; };
		F532DBD31CEF3833000F3373 /* Base */ = {isa = PBXFileReference; lastKnownFileType = file.storyboard; name = Base; path = Base.lproj/LaunchScreen.storyboard; sourceTree = "<group>"; };
		F532DBD51CEF3833000F3373 /* Info.plist */ = {isa = PBXFileReference; lastKnownFileType = text.plist.xml; path = Info.plist; sourceTree = "<group>"; };
/* End PBXFileReference section */

/* Begin PBXFrameworksBuildPhase section */
		F532DBC31CEF3833000F3373 /* Frameworks */ = {
			isa = PBXFrameworksBuildPhase;
			buildActionMask = 2147483647;
			files = (
			);
			runOnlyForDeploymentPostprocessing = 0;
		};
/* End PBXFrameworksBuildPhase section */

/* Begin PBXGroup section */
		F532DBBD1CEF3833000F3373 = {
			isa = PBXGroup;
			children = (
				F532DBC81CEF3833000F3373 /* PoCTextToSpeech */,
				F532DBC71CEF3833000F3373 /* Products */,
			);
			sourceTree = "<group>";
		};
		F532DBC71CEF3833000F3373 /* Products */ = {
			isa = PBXGroup;
			children = (
				F532DBC61CEF3833000F3373 /* PoCTextToSpeech.app */,
			);
			name = Products;
			sourceTree = "<group>";
		};
		F532DBC81CEF3833000F3373 /* PoCTextToSpeech */ = {
			isa = PBXGroup;
			children = (
				F532DBC91CEF3833000F3373 /* AppDelegate.swift */,
				F532DBCB1CEF3833000F3373 /* ViewController.swift */,
				F532DBCD1CEF3833000F3373 /* Main.storyboard */,
				F532DBD01CEF3833000F3373 /* Assets.xcassets */,
				F532DBD21CEF3833000F3373 /* LaunchScreen.storyboard */,
				F532DBD51CEF3833000F3373 /* Info.plist */,
			);
			path = PoCTextToSpeech;
			sourceTree = "<group>";
		};
/* End PBXGroup section */

/* Begin PBXNativeTarget section */
		F532DBC51CEF3833000F3373 /* PoCTextToSpeech */ = {
			isa = PBXNativeTarget;
			buildConfigurationList = F532DBD81CEF3833000F3373 /* Build configuration list for PBXNativeTarget "PoCTextToSpeech" */;
			buildPhases = (
				F532DBC21CEF3833000F3373 /* Sources */,
				F532DBC31CEF3833000F3373 /* Frameworks */,
				F532DBC41CEF3833000F3373 /* Resources */,
			);
			buildRules = (
			);
			dependencies = (
			);
			name = PoCTextToSpeech;
			productName = PoCTextToSpeech;
			productReference = F532DBC61CEF3833000F3373 /* PoCTextToSpeech.app */;
			productType = "com.apple.product-type.application";
		};
/* End PBXNativeTarget section */

/* Begin PBXProject section */
		F532DBBE1CEF3833000F3373 /* Project object */ = {
			isa = PBXProject;
			attributes = {
				LastSwiftUpdateCheck = 0730;
				LastUpgradeCheck = 0730;
				ORGANIZATIONNAME = Fhict;
				TargetAttributes = {
					F532DBC51CEF3833000F3373 = {
						CreatedOnToolsVersion = 7.3;
					};
				};
			};
			buildConfigurationList = F532DBC11CEF3833000F3373 /* Build configuration list for PBXProject "PoCTextToSpeech" */;
			compatibilityVersion = "Xcode 3.2";
			developmentRegion = English;
			hasScannedForEncodings = 0;
			knownRegions = (
				en,
				Base,
			);
			mainGroup = F532DBBD1CEF3833000F3373;
			productRefGroup = F532DBC71CEF3833000F3373 /* Products */;
			projectDirPath = "";
			projectRoot = "";
			targets = (
				F532DBC51CEF3833000F3373 /* PoCTextToSpeech */,
			);
		};
/* End PBXProject section */

/* Begin PBXResourcesBuildPhase section */
		F532DBC41CEF3833000F3373 /* Resources */ = {
			isa = PBXResourcesBuildPhase;
			buildActionMask = 2147483647;
			files = (
				F532DBD41CEF3833000F3373 /* LaunchScreen.storyboard in Resources */,
				F532DBD11CEF3833000F3373 /* Assets.xcassets in Resources */,
				F532DBCF1CEF3833000F3373 /* Main.storyboard in Resources */,
			);
			runOnlyForDeploymentPostprocessing = 0;
		};
/* End PBXResourcesBuildPhase section */

/* Begin PBXSourcesBuildPhase section */
		F532DBC21CEF3833000F3373 /* Sources */ = {
			isa = PBXSourcesBuildPhase;
			buildActionMask = 2147483647;
			files = (
				F532DBCC1CEF3833000F3373 /* ViewController.swift in Sources */,
				F532DBCA1CEF3833000F3373 /* AppDelegate.swift in Sources */,
			);
			runOnlyForDeploymentPostprocessing = 0;
		};
/* End PBXSourcesBuildPhase section */

/* Begin PBXVariantGroup section */
		F532DBCD1CEF3833000F3373 /* Main.storyboard */ = {
			isa = PBXVariantGroup;
			children = (
				F532DBCE1CEF3833000F3373 /* Base */,
			);
			name = Main.storyboard;
			sourceTree = "<group>";
		};
		F532DBD21CEF3833000F3373 /* LaunchScreen.storyboard */ = {
			isa = PBXVariantGroup;
			children = (
				F532DBD31CEF3833000F3373 /* Base */,
			);
			name = LaunchScreen.storyboard;
			sourceTree = "<group>";
		};
/* End PBXVariantGroup section */

/* Begin XCBuildConfiguration section */
		F532DBD61CEF3833000F3373 /* Debug */ = {
			isa = XCBuildConfiguration;
			buildSettings = {
				ALWAYS_SEARCH_USER_PATHS = NO;
				CLANG_ANALYZER_NONNULL = YES;
				CLANG_CXX_LANGUAGE_STANDARD = "gnu++0x";
				CLANG_CXX_LIBRARY = "libc++";
				CLANG_ENABLE_MODULES = YES;
				CLANG_ENABLE_OBJC_ARC = YES;
				CLANG_WARN_BOOL_CONVERSION = YES;
				CLANG_WARN_CONSTANT_CONVERSION = YES;
				CLANG_WARN_DIRECT_OBJC_ISA_USAGE = YES_ERROR;
				CLANG_WARN_EMPTY_BODY = YES;
				CLANG_WARN_ENUM_CONVERSION = YES;
				CLANG_WARN_INT_CONVERSION = YES;
				CLANG_WARN_OBJC_ROOT_CLASS = YES_ERROR;
				CLANG_WARN_UNREACHABLE_CODE = YES;
				CLANG_WARN__DUPLICATE_METHOD_MATCH = YES;
				"CODE_SIGN_IDENTITY[sdk=iphoneos*]" = "iPhone Developer";
				COPY_PHASE_STRIP = NO;
				DEBUG_INFORMATION_FORMAT = dwarf;
				ENABLE_STRICT_OBJC_MSGSEND = YES;
				ENABLE_TESTABILITY = YES;
				GCC_C_LANGUAGE_STANDARD = gnu99;
				GCC_DYNAMIC_NO_PIC = NO;
				GCC_NO_COMMON_BLOCKS = YES;
				GCC_OPTIMIZATION_LEVEL = 0;
				GCC_PREPROCESSOR_DEFINITIONS = (
					"DEBUG=1",
					"$(inherited)",
				);
				GCC_WARN_64_TO_32_BIT_CONVERSION = YES;
				GCC_WARN_ABOUT_RETURN_TYPE = YES_ERROR;
				GCC_WARN_UNDECLARED_SELECTOR = YES;
				GCC_WARN_UNINITIALIZED_AUTOS = YES_AGGRESSIVE;
				GCC_WARN_UNUSED_FUNCTION = YES;
				GCC_WARN_UNUSED_VARIABLE = YES;
				IPHONEOS_DEPLOYMENT_TARGET = 9.3;
				MTL_ENABLE_DEBUG_INFO = YES;
				ONLY_ACTIVE_ARCH = YES;
				SDKROOT = iphoneos;
				SWIFT_OPTIMIZATION_LEVEL = "-Onone";
			};
			name = Debug;
		};
		F532DBD71CEF3833000F3373 /* Release */ = {
			isa = XCBuildConfiguration;
			buildSettings = {
				ALWAYS_SEARCH_USER_PATHS = NO;
				CLANG_ANALYZER_NONNULL = YES;
				CLANG_CXX_LANGUAGE_STANDARD = "gnu++0x";
				CLANG_CXX_LIBRARY = "libc++";
				CLANG_ENABLE_MODULES = YES;
				CLANG_ENABLE_OBJC_ARC = YES;
				CLANG_WARN_BOOL_CONVERSION = YES;
				CLANG_WARN_CONSTANT_CONVERSION = YES;
				CLANG_WARN_DIRECT_OBJC_ISA_USAGE = YES_ERROR;
				CLANG_WARN_EMPTY_BODY = YES;
				CLANG_WARN_ENUM_CONVERSION = YES;
				CLANG_WARN_INT_CONVERSION = YES;
				CLANG_WARN_OBJC_ROOT_CLASS = YES_ERROR;
				CLANG_WARN_UNREACHABLE_CODE = YES;
				CLANG_WARN__DUPLICATE_METHOD_MATCH = YES;
				"CODE_SIGN_IDENTITY[sdk=iphoneos*]" = "iPhone Developer";
				COPY_PHASE_STRIP = NO;
				DEBUG_INFORMATION_FORMAT = "dwarf-with-dsym";
				ENABLE_NS_ASSERTIONS = NO;
				ENABLE_STRICT_OBJC_MSGSEND = YES;
				GCC_C_LANGUAGE_STANDARD = gnu99;
				GCC_NO_COMMON_BLOCKS = YES;
				GCC_WARN_64_TO_32_BIT_CONVERSION = YES;
				GCC_WARN_ABOUT_RETURN_TYPE = YES_ERROR;
				GCC_WARN_UNDECLARED_SELECTOR = YES;
				GCC_WARN_UNINITIALIZED_AUTOS = YES_AGGRESSIVE;
				GCC_WARN_UNUSED_FUNCTION = YES;
				GCC_WARN_UNUSED_VARIABLE = YES;
				IPHONEOS_DEPLOYMENT_TARGET = 9.3;
				MTL_ENABLE_DEBUG_INFO = NO;
				SDKROOT = iphoneos;
				VALIDATE_PRODUCT = YES;
			};
			name = Release;
		};
		F532DBD91CEF3833000F3373 /* Debug */ = {
			isa = XCBuildConfiguration;
			buildSettings = {
				ASSETCATALOG_COMPILER_APPICON_NAME = AppIcon;
				INFOPLIST_FILE = PoCTextToSpeech/Info.plist;
				LD_RUNPATH_SEARCH_PATHS = "$(inherited) @executable_path/Frameworks";
				PRODUCT_BUNDLE_IDENTIFIER = edu.fontys.sm.PoCTextToSpeech;
				PRODUCT_NAME = "$(TARGET_NAME)";
			};
			name = Debug;
		};
		F532DBDA1CEF3833000F3373 /* Release */ = {
			isa = XCBuildConfiguration;
			buildSettings = {
				ASSETCATALOG_COMPILER_APPICON_NAME = AppIcon;
				INFOPLIST_FILE = PoCTextToSpeech/Info.plist;
				LD_RUNPATH_SEARCH_PATHS = "$(inherited) @executable_path/Frameworks";
				PRODUCT_BUNDLE_IDENTIFIER = edu.fontys.sm.PoCTextToSpeech;
				PRODUCT_NAME = "$(TARGET_NAME)";
			};
			name = Release;
		};
/* End XCBuildConfiguration section */

/* Begin XCConfigurationList section */
		F532DBC11CEF3833000F3373 /* Build configuration list for PBXProject "PoCTextToSpeech" */ = {
			isa = XCConfigurationList;
			buildConfigurations = (
				F532DBD61CEF3833000F3373 /* Debug */,
				F532DBD71CEF3833000F3373 /* Release */,
			);
			defaultConfigurationIsVisible = 0;
			defaultConfigurationName = Release;
		};
		F532DBD81CEF3833000F3373 /* Build configuration list for PBXNativeTarget "PoCTextToSpeech" */ = {
			isa = XCConfigurationList;
			buildConfigurations = (
				F532DBD91CEF3833000F3373 /* Debug */,
				F532DBDA1CEF3833000F3373 /* Release */,
			);
			defaultConfigurationIsVisible = 0;
		};
/* End XCConfigurationList section */
	};
	rootObject = F532DBBE1CEF3833000F3373 /* Project object */;
}
