// !$*UTF8*$!
{
	archiveVersion = 1;
	classes = {
	};
	objectVersion = 46;
	objects = {

/* Begin PBXBuildFile section */
		F51091251CF85EC8007CF6CB /* Word.swift in Sources */ = {isa = PBXBuildFile; fileRef = F51091241CF85EC8007CF6CB /* Word.swift */; };
		F53BDCE01CF6FAB100954C64 /* AppDelegate.swift in Sources */ = {isa = PBXBuildFile; fileRef = F53BDCDF1CF6FAB100954C64 /* AppDelegate.swift */; };
		F53BDCE21CF6FAB100954C64 /* ViewController.swift in Sources */ = {isa = PBXBuildFile; fileRef = F53BDCE11CF6FAB100954C64 /* ViewController.swift */; };
		F53BDCE51CF6FAB100954C64 /* Main.storyboard in Resources */ = {isa = PBXBuildFile; fileRef = F53BDCE31CF6FAB100954C64 /* Main.storyboard */; };
		F53BDCE71CF6FAB100954C64 /* Assets.xcassets in Resources */ = {isa = PBXBuildFile; fileRef = F53BDCE61CF6FAB100954C64 /* Assets.xcassets */; };
		F53BDCEA1CF6FAB100954C64 /* LaunchScreen.storyboard in Resources */ = {isa = PBXBuildFile; fileRef = F53BDCE81CF6FAB100954C64 /* LaunchScreen.storyboard */; };
/* End PBXBuildFile section */

/* Begin PBXFileReference section */
		F51091241CF85EC8007CF6CB /* Word.swift */ = {isa = PBXFileReference; fileEncoding = 4; lastKnownFileType = sourcecode.swift; path = Word.swift; sourceTree = "<group>"; };
		F53BDCDC1CF6FAB100954C64 /* PoC - Words.app */ = {isa = PBXFileReference; explicitFileType = wrapper.application; includeInIndex = 0; path = "PoC - Words.app"; sourceTree = BUILT_PRODUCTS_DIR; };
		F53BDCDF1CF6FAB100954C64 /* AppDelegate.swift */ = {isa = PBXFileReference; lastKnownFileType = sourcecode.swift; path = AppDelegate.swift; sourceTree = "<group>"; };
		F53BDCE11CF6FAB100954C64 /* ViewController.swift */ = {isa = PBXFileReference; lastKnownFileType = sourcecode.swift; path = ViewController.swift; sourceTree = "<group>"; };
		F53BDCE41CF6FAB100954C64 /* Base */ = {isa = PBXFileReference; lastKnownFileType = file.storyboard; name = Base; path = Base.lproj/Main.storyboard; sourceTree = "<group>"; };
		F53BDCE61CF6FAB100954C64 /* Assets.xcassets */ = {isa = PBXFileReference; lastKnownFileType = folder.assetcatalog; path = Assets.xcassets; sourceTree = "<group>"; };
		F53BDCE91CF6FAB100954C64 /* Base */ = {isa = PBXFileReference; lastKnownFileType = file.storyboard; name = Base; path = Base.lproj/LaunchScreen.storyboard; sourceTree = "<group>"; };
		F53BDCEB1CF6FAB100954C64 /* Info.plist */ = {isa = PBXFileReference; lastKnownFileType = text.plist.xml; path = Info.plist; sourceTree = "<group>"; };
/* End PBXFileReference section */

/* Begin PBXFrameworksBuildPhase section */
		F53BDCD91CF6FAB100954C64 /* Frameworks */ = {
			isa = PBXFrameworksBuildPhase;
			buildActionMask = 2147483647;
			files = (
			);
			runOnlyForDeploymentPostprocessing = 0;
		};
/* End PBXFrameworksBuildPhase section */

/* Begin PBXGroup section */
		F53BDCD31CF6FAB100954C64 = {
			isa = PBXGroup;
			children = (
				F53BDCDE1CF6FAB100954C64 /* PoC - Words */,
				F53BDCDD1CF6FAB100954C64 /* Products */,
			);
			sourceTree = "<group>";
		};
		F53BDCDD1CF6FAB100954C64 /* Products */ = {
			isa = PBXGroup;
			children = (
				F53BDCDC1CF6FAB100954C64 /* PoC - Words.app */,
			);
			name = Products;
			sourceTree = "<group>";
		};
		F53BDCDE1CF6FAB100954C64 /* PoC - Words */ = {
			isa = PBXGroup;
			children = (
				F53BDCDF1CF6FAB100954C64 /* AppDelegate.swift */,
				F53BDCE11CF6FAB100954C64 /* ViewController.swift */,
				F53BDCE31CF6FAB100954C64 /* Main.storyboard */,
				F53BDCE61CF6FAB100954C64 /* Assets.xcassets */,
				F53BDCE81CF6FAB100954C64 /* LaunchScreen.storyboard */,
				F53BDCEB1CF6FAB100954C64 /* Info.plist */,
				F51091241CF85EC8007CF6CB /* Word.swift */,
			);
			path = "PoC - Words";
			sourceTree = "<group>";
		};
/* End PBXGroup section */

/* Begin PBXNativeTarget section */
		F53BDCDB1CF6FAB100954C64 /* PoC - Words */ = {
			isa = PBXNativeTarget;
			buildConfigurationList = F53BDCEE1CF6FAB100954C64 /* Build configuration list for PBXNativeTarget "PoC - Words" */;
			buildPhases = (
				F53BDCD81CF6FAB100954C64 /* Sources */,
				F53BDCD91CF6FAB100954C64 /* Frameworks */,
				F53BDCDA1CF6FAB100954C64 /* Resources */,
			);
			buildRules = (
			);
			dependencies = (
			);
			name = "PoC - Words";
			productName = "PoC - Words";
			productReference = F53BDCDC1CF6FAB100954C64 /* PoC - Words.app */;
			productType = "com.apple.product-type.application";
		};
/* End PBXNativeTarget section */

/* Begin PBXProject section */
		F53BDCD41CF6FAB100954C64 /* Project object */ = {
			isa = PBXProject;
			attributes = {
				LastSwiftUpdateCheck = 0730;
				LastUpgradeCheck = 0730;
				ORGANIZATIONNAME = Fhict;
				TargetAttributes = {
					F53BDCDB1CF6FAB100954C64 = {
						CreatedOnToolsVersion = 7.3;
					};
				};
			};
			buildConfigurationList = F53BDCD71CF6FAB100954C64 /* Build configuration list for PBXProject "PoC - Words" */;
			compatibilityVersion = "Xcode 3.2";
			developmentRegion = English;
			hasScannedForEncodings = 0;
			knownRegions = (
				en,
				Base,
			);
			mainGroup = F53BDCD31CF6FAB100954C64;
			productRefGroup = F53BDCDD1CF6FAB100954C64 /* Products */;
			projectDirPath = "";
			projectRoot = "";
			targets = (
				F53BDCDB1CF6FAB100954C64 /* PoC - Words */,
			);
		};
/* End PBXProject section */

/* Begin PBXResourcesBuildPhase section */
		F53BDCDA1CF6FAB100954C64 /* Resources */ = {
			isa = PBXResourcesBuildPhase;
			buildActionMask = 2147483647;
			files = (
				F53BDCEA1CF6FAB100954C64 /* LaunchScreen.storyboard in Resources */,
				F53BDCE71CF6FAB100954C64 /* Assets.xcassets in Resources */,
				F53BDCE51CF6FAB100954C64 /* Main.storyboard in Resources */,
			);
			runOnlyForDeploymentPostprocessing = 0;
		};
/* End PBXResourcesBuildPhase section */

/* Begin PBXSourcesBuildPhase section */
		F53BDCD81CF6FAB100954C64 /* Sources */ = {
			isa = PBXSourcesBuildPhase;
			buildActionMask = 2147483647;
			files = (
				F53BDCE21CF6FAB100954C64 /* ViewController.swift in Sources */,
				F53BDCE01CF6FAB100954C64 /* AppDelegate.swift in Sources */,
				F51091251CF85EC8007CF6CB /* Word.swift in Sources */,
			);
			runOnlyForDeploymentPostprocessing = 0;
		};
/* End PBXSourcesBuildPhase section */

/* Begin PBXVariantGroup section */
		F53BDCE31CF6FAB100954C64 /* Main.storyboard */ = {
			isa = PBXVariantGroup;
			children = (
				F53BDCE41CF6FAB100954C64 /* Base */,
			);
			name = Main.storyboard;
			sourceTree = "<group>";
		};
		F53BDCE81CF6FAB100954C64 /* LaunchScreen.storyboard */ = {
			isa = PBXVariantGroup;
			children = (
				F53BDCE91CF6FAB100954C64 /* Base */,
			);
			name = LaunchScreen.storyboard;
			sourceTree = "<group>";
		};
/* End PBXVariantGroup section */

/* Begin XCBuildConfiguration section */
		F53BDCEC1CF6FAB100954C64 /* Debug */ = {
			isa = XCBuildConfiguration;
			buildSettings = {
				ALWAYS_SEARCH_USER_PATHS = NO;
				CLANG_ANALYZER_NONNULL = YES;
				CLANG_CXX_LANGUAGE_STANDARD = "gnu++0x";
				CLANG_CXX_LIBRARY = "libc++";
				CLANG_ENABLE_MODULES = YES;
				CLANG_ENABLE_OBJC_ARC = YES;
				CLANG_WARN_BOOL_CONVERSION = YES;
				CLANG_WARN_CONSTANT_CONVERSION = YES;
				CLANG_WARN_DIRECT_OBJC_ISA_USAGE = YES_ERROR;
				CLANG_WARN_EMPTY_BODY = YES;
				CLANG_WARN_ENUM_CONVERSION = YES;
				CLANG_WARN_INT_CONVERSION = YES;
				CLANG_WARN_OBJC_ROOT_CLASS = YES_ERROR;
				CLANG_WARN_UNREACHABLE_CODE = YES;
				CLANG_WARN__DUPLICATE_METHOD_MATCH = YES;
				"CODE_SIGN_IDENTITY[sdk=iphoneos*]" = "iPhone Developer";
				COPY_PHASE_STRIP = NO;
				DEBUG_INFORMATION_FORMAT = dwarf;
				ENABLE_STRICT_OBJC_MSGSEND = YES;
				ENABLE_TESTABILITY = YES;
				GCC_C_LANGUAGE_STANDARD = gnu99;
				GCC_DYNAMIC_NO_PIC = NO;
				GCC_NO_COMMON_BLOCKS = YES;
				GCC_OPTIMIZATION_LEVEL = 0;
				GCC_PREPROCESSOR_DEFINITIONS = (
					"DEBUG=1",
					"$(inherited)",
				);
				GCC_WARN_64_TO_32_BIT_CONVERSION = YES;
				GCC_WARN_ABOUT_RETURN_TYPE = YES_ERROR;
				GCC_WARN_UNDECLARED_SELECTOR = YES;
				GCC_WARN_UNINITIALIZED_AUTOS = YES_AGGRESSIVE;
				GCC_WARN_UNUSED_FUNCTION = YES;
				GCC_WARN_UNUSED_VARIABLE = YES;
				IPHONEOS_DEPLOYMENT_TARGET = 9.3;
				MTL_ENABLE_DEBUG_INFO = YES;
				ONLY_ACTIVE_ARCH = YES;
				SDKROOT = iphoneos;
				SWIFT_OPTIMIZATION_LEVEL = "-Onone";
			};
			name = Debug;
		};
		F53BDCED1CF6FAB100954C64 /* Release */ = {
			isa = XCBuildConfiguration;
			buildSettings = {
				ALWAYS_SEARCH_USER_PATHS = NO;
				CLANG_ANALYZER_NONNULL = YES;
				CLANG_CXX_LANGUAGE_STANDARD = "gnu++0x";
				CLANG_CXX_LIBRARY = "libc++";
				CLANG_ENABLE_MODULES = YES;
				CLANG_ENABLE_OBJC_ARC = YES;
				CLANG_WARN_BOOL_CONVERSION = YES;
				CLANG_WARN_CONSTANT_CONVERSION = YES;
				CLANG_WARN_DIRECT_OBJC_ISA_USAGE = YES_ERROR;
				CLANG_WARN_EMPTY_BODY = YES;
				CLANG_WARN_ENUM_CONVERSION = YES;
				CLANG_WARN_INT_CONVERSION = YES;
				CLANG_WARN_OBJC_ROOT_CLASS = YES_ERROR;
				CLANG_WARN_UNREACHABLE_CODE = YES;
				CLANG_WARN__DUPLICATE_METHOD_MATCH = YES;
				"CODE_SIGN_IDENTITY[sdk=iphoneos*]" = "iPhone Developer";
				COPY_PHASE_STRIP = NO;
				DEBUG_INFORMATION_FORMAT = "dwarf-with-dsym";
				ENABLE_NS_ASSERTIONS = NO;
				ENABLE_STRICT_OBJC_MSGSEND = YES;
				GCC_C_LANGUAGE_STANDARD = gnu99;
				GCC_NO_COMMON_BLOCKS = YES;
				GCC_WARN_64_TO_32_BIT_CONVERSION = YES;
				GCC_WARN_ABOUT_RETURN_TYPE = YES_ERROR;
				GCC_WARN_UNDECLARED_SELECTOR = YES;
				GCC_WARN_UNINITIALIZED_AUTOS = YES_AGGRESSIVE;
				GCC_WARN_UNUSED_FUNCTION = YES;
				GCC_WARN_UNUSED_VARIABLE = YES;
				IPHONEOS_DEPLOYMENT_TARGET = 9.3;
				MTL_ENABLE_DEBUG_INFO = NO;
				SDKROOT = iphoneos;
				VALIDATE_PRODUCT = YES;
			};
			name = Release;
		};
		F53BDCEF1CF6FAB100954C64 /* Debug */ = {
			isa = XCBuildConfiguration;
			buildSettings = {
				ASSETCATALOG_COMPILER_APPICON_NAME = AppIcon;
				INFOPLIST_FILE = "PoC - Words/Info.plist";
				LD_RUNPATH_SEARCH_PATHS = "$(inherited) @executable_path/Frameworks";
				PRODUCT_BUNDLE_IDENTIFIER = "edu.fontys.sm.PoC---Words";
				PRODUCT_NAME = "$(TARGET_NAME)";
			};
			name = Debug;
		};
		F53BDCF01CF6FAB100954C64 /* Release */ = {
			isa = XCBuildConfiguration;
			buildSettings = {
				ASSETCATALOG_COMPILER_APPICON_NAME = AppIcon;
				INFOPLIST_FILE = "PoC - Words/Info.plist";
				LD_RUNPATH_SEARCH_PATHS = "$(inherited) @executable_path/Frameworks";
				PRODUCT_BUNDLE_IDENTIFIER = "edu.fontys.sm.PoC---Words";
				PRODUCT_NAME = "$(TARGET_NAME)";
			};
			name = Release;
		};
/* End XCBuildConfiguration section */

/* Begin XCConfigurationList section */
		F53BDCD71CF6FAB100954C64 /* Build configuration list for PBXProject "PoC - Words" */ = {
			isa = XCConfigurationList;
			buildConfigurations = (
				F53BDCEC1CF6FAB100954C64 /* Debug */,
				F53BDCED1CF6FAB100954C64 /* Release */,
			);
			defaultConfigurationIsVisible = 0;
			defaultConfigurationName = Release;
		};
		F53BDCEE1CF6FAB100954C64 /* Build configuration list for PBXNativeTarget "PoC - Words" */ = {
			isa = XCConfigurationList;
			buildConfigurations = (
				F53BDCEF1CF6FAB100954C64 /* Debug */,
				F53BDCF01CF6FAB100954C64 /* Release */,
			);
			defaultConfigurationIsVisible = 0;
			defaultConfigurationName = Release;
		};
/* End XCConfigurationList section */
	};
	rootObject = F53BDCD41CF6FAB100954C64 /* Project object */;
}
