// !$*UTF8*$!
{
	archiveVersion = 1;
	classes = {
	};
	objectVersion = 46;
	objects = {

/* Begin PBXBuildFile section */
		20C04ECD1CEF1BE300B09717 /* AppDelegate.swift in Sources */ = {isa = PBXBuildFile; fileRef = 20C04ECC1CEF1BE300B09717 /* AppDelegate.swift */; };
		20C04ECF1CEF1BE300B09717 /* ViewController.swift in Sources */ = {isa = PBXBuildFile; fileRef = 20C04ECE1CEF1BE300B09717 /* ViewController.swift */; };
		20C04ED21CEF1BE300B09717 /* Main.storyboard in Resources */ = {isa = PBXBuildFile; fileRef = 20C04ED01CEF1BE300B09717 /* Main.storyboard */; };
		20C04ED51CEF1BE300B09717 /* WordFlip.xcdatamodeld in Sources */ = {isa = PBXBuildFile; fileRef = 20C04ED31CEF1BE300B09717 /* WordFlip.xcdatamodeld */; };
		20C04ED71CEF1BE300B09717 /* icon.zip in Resources */ = {isa = PBXBuildFile; fileRef = 20C04ED61CEF1BE300B09717 /* icon.zip */; };
		20C04EDA1CEF1BE300B09717 /* LaunchScreen.storyboard in Resources */ = {isa = PBXBuildFile; fileRef = 20C04ED81CEF1BE300B09717 /* LaunchScreen.storyboard */; };
		20C04EE51CEF1BE400B09717 /* WordFlipTests.swift in Sources */ = {isa = PBXBuildFile; fileRef = 20C04EE41CEF1BE400B09717 /* WordFlipTests.swift */; };
		20C04EF01CEF1BE400B09717 /* WordFlipUITests.swift in Sources */ = {isa = PBXBuildFile; fileRef = 20C04EEF1CEF1BE400B09717 /* WordFlipUITests.swift */; };
		20D80CAC1CF7046D004DD75E /* SplashViewController.swift in Sources */ = {isa = PBXBuildFile; fileRef = 20D80CAB1CF7046D004DD75E /* SplashViewController.swift */; };
		F502334D1D073C8700E4275D /* Word.swift in Sources */ = {isa = PBXBuildFile; fileRef = F502334C1D073C8700E4275D /* Word.swift */; };
		F502334F1D073E8F00E4275D /* WordViewController.swift in Sources */ = {isa = PBXBuildFile; fileRef = F502334E1D073E8F00E4275D /* WordViewController.swift */; };
		F503AE1A1CF8367000DA3F45 /* logo.png in Resources */ = {isa = PBXBuildFile; fileRef = F503AE191CF8367000DA3F45 /* logo.png */; };
		F503AE1D1CF83CCA00DA3F45 /* Roboto-Light.ttf in Resources */ = {isa = PBXBuildFile; fileRef = F503AE1B1CF83CCA00DA3F45 /* Roboto-Light.ttf */; };
		F503AE1E1CF83CCA00DA3F45 /* Roboto-LightItalic.ttf in Resources */ = {isa = PBXBuildFile; fileRef = F503AE1C1CF83CCA00DA3F45 /* Roboto-LightItalic.ttf */; };
		F503AE351CF8454900DA3F45 /* AgendaViewController.swift in Sources */ = {isa = PBXBuildFile; fileRef = F503AE341CF8454900DA3F45 /* AgendaViewController.swift */; };
		F554AE901D0178DB00A80443 /* Icon-App-iPad-Pro.png in Resources */ = {isa = PBXBuildFile; fileRef = F554AE751D0178DB00A80443 /* Icon-App-iPad-Pro.png */; };
		F554AE911D0178DB00A80443 /* Icon-App-iPad.png in Resources */ = {isa = PBXBuildFile; fileRef = F554AE761D0178DB00A80443 /* Icon-App-iPad.png */; };
		F554AE921D0178DB00A80443 /* Icon-App-iPad@2x.png in Resources */ = {isa = PBXBuildFile; fileRef = F554AE771D0178DB00A80443 /* Icon-App-iPad@2x.png */; };
		F554AE931D0178DB00A80443 /* Icon-App.png in Resources */ = {isa = PBXBuildFile; fileRef = F554AE781D0178DB00A80443 /* Icon-App.png */; };
		F554AE941D0178DB00A80443 /* Icon-App@2x.png in Resources */ = {isa = PBXBuildFile; fileRef = F554AE791D0178DB00A80443 /* Icon-App@2x.png */; };
		F554AE951D0178DB00A80443 /* Icon-App@3x.png in Resources */ = {isa = PBXBuildFile; fileRef = F554AE7A1D0178DB00A80443 /* Icon-App@3x.png */; };
		F554AE961D0178DB00A80443 /* Icon-Settings.png in Resources */ = {isa = PBXBuildFile; fileRef = F554AE7B1D0178DB00A80443 /* Icon-Settings.png */; };
		F554AE971D0178DB00A80443 /* Icon-Settings@2x.png in Resources */ = {isa = PBXBuildFile; fileRef = F554AE7C1D0178DB00A80443 /* Icon-Settings@2x.png */; };
		F554AE981D0178DB00A80443 /* Icon-Settings@3x.png in Resources */ = {isa = PBXBuildFile; fileRef = F554AE7D1D0178DB00A80443 /* Icon-Settings@3x.png */; };
		F554AE991D0178DB00A80443 /* Icon-Spotlight-iPhone-4-5.png in Resources */ = {isa = PBXBuildFile; fileRef = F554AE7E1D0178DB00A80443 /* Icon-Spotlight-iPhone-4-5.png */; };
		F554AE9A1D0178DB00A80443 /* Icon-Spotlight-iPhone-6.png in Resources */ = {isa = PBXBuildFile; fileRef = F554AE7F1D0178DB00A80443 /* Icon-Spotlight-iPhone-6.png */; };
		F554AE9B1D0178DB00A80443 /* Icon-Spotlight.png in Resources */ = {isa = PBXBuildFile; fileRef = F554AE801D0178DB00A80443 /* Icon-Spotlight.png */; };
		F554AE9C1D0178DB00A80443 /* Icon-Spotlight@2x.png in Resources */ = {isa = PBXBuildFile; fileRef = F554AE811D0178DB00A80443 /* Icon-Spotlight@2x.png */; };
		F554AE9D1D0178DB00A80443 /* Icon-Spotlight@3x.png in Resources */ = {isa = PBXBuildFile; fileRef = F554AE821D0178DB00A80443 /* Icon-Spotlight@3x.png */; };
		F554AE9E1D0178DB00A80443 /* Icon-Tab-Bar.png in Resources */ = {isa = PBXBuildFile; fileRef = F554AE831D0178DB00A80443 /* Icon-Tab-Bar.png */; };
		F554AE9F1D0178DB00A80443 /* Icon-Tab-Bar@2x.png in Resources */ = {isa = PBXBuildFile; fileRef = F554AE841D0178DB00A80443 /* Icon-Tab-Bar@2x.png */; };
		F554AEA01D0178DB00A80443 /* Icon-Tab-Bar@3x.png in Resources */ = {isa = PBXBuildFile; fileRef = F554AE851D0178DB00A80443 /* Icon-Tab-Bar@3x.png */; };
		F554AEA11D0178DB00A80443 /* Icon-Toolbar.png in Resources */ = {isa = PBXBuildFile; fileRef = F554AE861D0178DB00A80443 /* Icon-Toolbar.png */; };
		F554AEA21D0178DB00A80443 /* Icon-Toolbar@2x.png in Resources */ = {isa = PBXBuildFile; fileRef = F554AE871D0178DB00A80443 /* Icon-Toolbar@2x.png */; };
		F554AEA31D0178DB00A80443 /* Icon-Toolbar@3x.png in Resources */ = {isa = PBXBuildFile; fileRef = F554AE881D0178DB00A80443 /* Icon-Toolbar@3x.png */; };
		F554AEA41D0178DB00A80443 /* Icon-Web-App-iPad.png in Resources */ = {isa = PBXBuildFile; fileRef = F554AE891D0178DB00A80443 /* Icon-Web-App-iPad.png */; };
		F554AEA51D0178DB00A80443 /* Icon-Web-App-iPad@2x.png in Resources */ = {isa = PBXBuildFile; fileRef = F554AE8A1D0178DB00A80443 /* Icon-Web-App-iPad@2x.png */; };
		F554AEA61D0178DB00A80443 /* Icon-Web-App.png in Resources */ = {isa = PBXBuildFile; fileRef = F554AE8B1D0178DB00A80443 /* Icon-Web-App.png */; };
		F554AEA71D0178DB00A80443 /* Icon-Web-App@2x.png in Resources */ = {isa = PBXBuildFile; fileRef = F554AE8C1D0178DB00A80443 /* Icon-Web-App@2x.png */; };
		F554AEA81D0178DB00A80443 /* Icon-Web-App@3x.png in Resources */ = {isa = PBXBuildFile; fileRef = F554AE8D1D0178DB00A80443 /* Icon-Web-App@3x.png */; };
		F554AEA91D0178DB00A80443 /* iTunesArtwork.png in Resources */ = {isa = PBXBuildFile; fileRef = F554AE8E1D0178DB00A80443 /* iTunesArtwork.png */; };
		F554AEAA1D0178DB00A80443 /* iTunesArtwork@2x.png in Resources */ = {isa = PBXBuildFile; fileRef = F554AE8F1D0178DB00A80443 /* iTunesArtwork@2x.png */; };
		F554AEAD1D01790A00A80443 /* Images.xcassets in Resources */ = {isa = PBXBuildFile; fileRef = F554AEAC1D01790A00A80443 /* Images.xcassets */; };
		F554AEAF1D01797600A80443 /* Images-2.xcassets in Resources */ = {isa = PBXBuildFile; fileRef = F554AEAE1D01797600A80443 /* Images-2.xcassets */; };
		F5578ED41D0ACC2200169AFB /* AVFoundation.framework in Frameworks */ = {isa = PBXBuildFile; fileRef = F5578ED31D0ACC2200169AFB /* AVFoundation.framework */; };
		F58336051D0982A600FEF409 /* VakkenViewController.swift in Sources */ = {isa = PBXBuildFile; fileRef = F58336041D0982A600FEF409 /* VakkenViewController.swift */; };
		F594B1131D0AAFE4006034BA /* TrophyChestController.swift in Sources */ = {isa = PBXBuildFile; fileRef = F594B1121D0AAFE4006034BA /* TrophyChestController.swift */; };
		F594B1151D0AC5F6006034BA /* speaker.png in Resources */ = {isa = PBXBuildFile; fileRef = F594B1141D0AC5F6006034BA /* speaker.png */; };
		F5A198431CF850C60042703C /* Piechart.swift in Sources */ = {isa = PBXBuildFile; fileRef = F5A198411CF850C60042703C /* Piechart.swift */; };
		F5A9A66C1D01706C00CAF718 /* LoginController.swift in Sources */ = {isa = PBXBuildFile; fileRef = F5A9A66B1D01706C00CAF718 /* LoginController.swift */; };
		F5A9A66E1D01732E00CAF718 /* Pupil.swift in Sources */ = {isa = PBXBuildFile; fileRef = F5A9A66D1D01732E00CAF718 /* Pupil.swift */; };
/* End PBXBuildFile section */

/* Begin PBXContainerItemProxy section */
		20C04EE11CEF1BE400B09717 /* PBXContainerItemProxy */ = {
			isa = PBXContainerItemProxy;
			containerPortal = 20C04EC11CEF1BE300B09717 /* Project object */;
			proxyType = 1;
			remoteGlobalIDString = 20C04EC81CEF1BE300B09717;
			remoteInfo = WordFlip;
		};
		20C04EEC1CEF1BE400B09717 /* PBXContainerItemProxy */ = {
			isa = PBXContainerItemProxy;
			containerPortal = 20C04EC11CEF1BE300B09717 /* Project object */;
			proxyType = 1;
			remoteGlobalIDString = 20C04EC81CEF1BE300B09717;
			remoteInfo = WordFlip;
		};
/* End PBXContainerItemProxy section */

/* Begin PBXCopyFilesBuildPhase section */
		F503AE331CF8442300DA3F45 /* Embed Frameworks */ = {
			isa = PBXCopyFilesBuildPhase;
			buildActionMask = 2147483647;
			dstPath = "";
			dstSubfolderSpec = 10;
			files = (
			);
			name = "Embed Frameworks";
			runOnlyForDeploymentPostprocessing = 0;
		};
/* End PBXCopyFilesBuildPhase section */

/* Begin PBXFileReference section */
		20C04EC91CEF1BE300B09717 /* WordFlip.app */ = {isa = PBXFileReference; explicitFileType = wrapper.application; includeInIndex = 0; path = WordFlip.app; sourceTree = BUILT_PRODUCTS_DIR; };
		20C04ECC1CEF1BE300B09717 /* AppDelegate.swift */ = {isa = PBXFileReference; lastKnownFileType = sourcecode.swift; path = AppDelegate.swift; sourceTree = "<group>"; };
		20C04ECE1CEF1BE300B09717 /* ViewController.swift */ = {isa = PBXFileReference; lastKnownFileType = sourcecode.swift; path = ViewController.swift; sourceTree = "<group>"; };
		20C04ED11CEF1BE300B09717 /* Base */ = {isa = PBXFileReference; lastKnownFileType = file.storyboard; name = Base; path = Base.lproj/Main.storyboard; sourceTree = "<group>"; };
		20C04ED41CEF1BE300B09717 /* WordFlip.xcdatamodel */ = {isa = PBXFileReference; lastKnownFileType = wrapper.xcdatamodel; path = WordFlip.xcdatamodel; sourceTree = "<group>"; };
		20C04ED61CEF1BE300B09717 /* icon.zip */ = {isa = PBXFileReference; lastKnownFileType = archive.zip; name = icon.zip; path = ../icon.zip; sourceTree = SOURCE_ROOT; };
		20C04ED91CEF1BE300B09717 /* Base */ = {isa = PBXFileReference; lastKnownFileType = file.storyboard; name = Base; path = Base.lproj/LaunchScreen.storyboard; sourceTree = "<group>"; };
		20C04EDB1CEF1BE300B09717 /* Info.plist */ = {isa = PBXFileReference; lastKnownFileType = text.plist.xml; path = Info.plist; sourceTree = "<group>"; };
		20C04EE01CEF1BE400B09717 /* WordFlipTests.xctest */ = {isa = PBXFileReference; explicitFileType = wrapper.cfbundle; includeInIndex = 0; path = WordFlipTests.xctest; sourceTree = BUILT_PRODUCTS_DIR; };
		20C04EE41CEF1BE400B09717 /* WordFlipTests.swift */ = {isa = PBXFileReference; lastKnownFileType = sourcecode.swift; path = WordFlipTests.swift; sourceTree = "<group>"; };
		20C04EE61CEF1BE400B09717 /* Info.plist */ = {isa = PBXFileReference; lastKnownFileType = text.plist.xml; path = Info.plist; sourceTree = "<group>"; };
		20C04EEB1CEF1BE400B09717 /* WordFlipUITests.xctest */ = {isa = PBXFileReference; explicitFileType = wrapper.cfbundle; includeInIndex = 0; path = WordFlipUITests.xctest; sourceTree = BUILT_PRODUCTS_DIR; };
		20C04EEF1CEF1BE400B09717 /* WordFlipUITests.swift */ = {isa = PBXFileReference; lastKnownFileType = sourcecode.swift; path = WordFlipUITests.swift; sourceTree = "<group>"; };
		20C04EF11CEF1BE400B09717 /* Info.plist */ = {isa = PBXFileReference; lastKnownFileType = text.plist.xml; path = Info.plist; sourceTree = "<group>"; };
		20D80CAB1CF7046D004DD75E /* SplashViewController.swift */ = {isa = PBXFileReference; fileEncoding = 4; lastKnownFileType = sourcecode.swift; path = SplashViewController.swift; sourceTree = "<group>"; };
		F502334C1D073C8700E4275D /* Word.swift */ = {isa = PBXFileReference; fileEncoding = 4; lastKnownFileType = sourcecode.swift; path = Word.swift; sourceTree = "<group>"; };
		F502334E1D073E8F00E4275D /* WordViewController.swift */ = {isa = PBXFileReference; fileEncoding = 4; lastKnownFileType = sourcecode.swift; path = WordViewController.swift; sourceTree = "<group>"; };
		F503AE191CF8367000DA3F45 /* logo.png */ = {isa = PBXFileReference; lastKnownFileType = image.png; path = logo.png; sourceTree = "<group>"; };
		F503AE1B1CF83CCA00DA3F45 /* Roboto-Light.ttf */ = {isa = PBXFileReference; lastKnownFileType = file; path = "Roboto-Light.ttf"; sourceTree = "<group>"; };
		F503AE1C1CF83CCA00DA3F45 /* Roboto-LightItalic.ttf */ = {isa = PBXFileReference; lastKnownFileType = file; path = "Roboto-LightItalic.ttf"; sourceTree = "<group>"; };
		F503AE341CF8454900DA3F45 /* AgendaViewController.swift */ = {isa = PBXFileReference; fileEncoding = 4; lastKnownFileType = sourcecode.swift; path = AgendaViewController.swift; sourceTree = "<group>"; };
		F554AE751D0178DB00A80443 /* Icon-App-iPad-Pro.png */ = {isa = PBXFileReference; lastKnownFileType = image.png; name = "Icon-App-iPad-Pro.png"; path = "../icon/ios/Icon-App-iPad-Pro.png"; sourceTree = "<group>"; };
		F554AE761D0178DB00A80443 /* Icon-App-iPad.png */ = {isa = PBXFileReference; lastKnownFileType = image.png; name = "Icon-App-iPad.png"; path = "../icon/ios/Icon-App-iPad.png"; sourceTree = "<group>"; };
		F554AE771D0178DB00A80443 /* Icon-App-iPad@2x.png */ = {isa = PBXFileReference; lastKnownFileType = image.png; name = "Icon-App-iPad@2x.png"; path = "../icon/ios/Icon-App-iPad@2x.png"; sourceTree = "<group>"; };
		F554AE781D0178DB00A80443 /* Icon-App.png */ = {isa = PBXFileReference; lastKnownFileType = image.png; name = "Icon-App.png"; path = "../icon/ios/Icon-App.png"; sourceTree = "<group>"; };
		F554AE791D0178DB00A80443 /* Icon-App@2x.png */ = {isa = PBXFileReference; lastKnownFileType = image.png; name = "Icon-App@2x.png"; path = "../icon/ios/Icon-App@2x.png"; sourceTree = "<group>"; };
		F554AE7A1D0178DB00A80443 /* Icon-App@3x.png */ = {isa = PBXFileReference; lastKnownFileType = image.png; name = "Icon-App@3x.png"; path = "../icon/ios/Icon-App@3x.png"; sourceTree = "<group>"; };
		F554AE7B1D0178DB00A80443 /* Icon-Settings.png */ = {isa = PBXFileReference; lastKnownFileType = image.png; name = "Icon-Settings.png"; path = "../icon/ios/Icon-Settings.png"; sourceTree = "<group>"; };
		F554AE7C1D0178DB00A80443 /* Icon-Settings@2x.png */ = {isa = PBXFileReference; lastKnownFileType = image.png; name = "Icon-Settings@2x.png"; path = "../icon/ios/Icon-Settings@2x.png"; sourceTree = "<group>"; };
		F554AE7D1D0178DB00A80443 /* Icon-Settings@3x.png */ = {isa = PBXFileReference; lastKnownFileType = image.png; name = "Icon-Settings@3x.png"; path = "../icon/ios/Icon-Settings@3x.png"; sourceTree = "<group>"; };
		F554AE7E1D0178DB00A80443 /* Icon-Spotlight-iPhone-4-5.png */ = {isa = PBXFileReference; lastKnownFileType = image.png; name = "Icon-Spotlight-iPhone-4-5.png"; path = "../icon/ios/Icon-Spotlight-iPhone-4-5.png"; sourceTree = "<group>"; };
		F554AE7F1D0178DB00A80443 /* Icon-Spotlight-iPhone-6.png */ = {isa = PBXFileReference; lastKnownFileType = image.png; name = "Icon-Spotlight-iPhone-6.png"; path = "../icon/ios/Icon-Spotlight-iPhone-6.png"; sourceTree = "<group>"; };
		F554AE801D0178DB00A80443 /* Icon-Spotlight.png */ = {isa = PBXFileReference; lastKnownFileType = image.png; name = "Icon-Spotlight.png"; path = "../icon/ios/Icon-Spotlight.png"; sourceTree = "<group>"; };
		F554AE811D0178DB00A80443 /* Icon-Spotlight@2x.png */ = {isa = PBXFileReference; lastKnownFileType = image.png; name = "Icon-Spotlight@2x.png"; path = "../icon/ios/Icon-Spotlight@2x.png"; sourceTree = "<group>"; };
		F554AE821D0178DB00A80443 /* Icon-Spotlight@3x.png */ = {isa = PBXFileReference; lastKnownFileType = image.png; name = "Icon-Spotlight@3x.png"; path = "../icon/ios/Icon-Spotlight@3x.png"; sourceTree = "<group>"; };
		F554AE831D0178DB00A80443 /* Icon-Tab-Bar.png */ = {isa = PBXFileReference; lastKnownFileType = image.png; name = "Icon-Tab-Bar.png"; path = "../icon/ios/Icon-Tab-Bar.png"; sourceTree = "<group>"; };
		F554AE841D0178DB00A80443 /* Icon-Tab-Bar@2x.png */ = {isa = PBXFileReference; lastKnownFileType = image.png; name = "Icon-Tab-Bar@2x.png"; path = "../icon/ios/Icon-Tab-Bar@2x.png"; sourceTree = "<group>"; };
		F554AE851D0178DB00A80443 /* Icon-Tab-Bar@3x.png */ = {isa = PBXFileReference; lastKnownFileType = image.png; name = "Icon-Tab-Bar@3x.png"; path = "../icon/ios/Icon-Tab-Bar@3x.png"; sourceTree = "<group>"; };
		F554AE861D0178DB00A80443 /* Icon-Toolbar.png */ = {isa = PBXFileReference; lastKnownFileType = image.png; name = "Icon-Toolbar.png"; path = "../icon/ios/Icon-Toolbar.png"; sourceTree = "<group>"; };
		F554AE871D0178DB00A80443 /* Icon-Toolbar@2x.png */ = {isa = PBXFileReference; lastKnownFileType = image.png; name = "Icon-Toolbar@2x.png"; path = "../icon/ios/Icon-Toolbar@2x.png"; sourceTree = "<group>"; };
		F554AE881D0178DB00A80443 /* Icon-Toolbar@3x.png */ = {isa = PBXFileReference; lastKnownFileType = image.png; name = "Icon-Toolbar@3x.png"; path = "../icon/ios/Icon-Toolbar@3x.png"; sourceTree = "<group>"; };
		F554AE891D0178DB00A80443 /* Icon-Web-App-iPad.png */ = {isa = PBXFileReference; lastKnownFileType = image.png; name = "Icon-Web-App-iPad.png"; path = "../icon/ios/Icon-Web-App-iPad.png"; sourceTree = "<group>"; };
		F554AE8A1D0178DB00A80443 /* Icon-Web-App-iPad@2x.png */ = {isa = PBXFileReference; lastKnownFileType = image.png; name = "Icon-Web-App-iPad@2x.png"; path = "../icon/ios/Icon-Web-App-iPad@2x.png"; sourceTree = "<group>"; };
		F554AE8B1D0178DB00A80443 /* Icon-Web-App.png */ = {isa = PBXFileReference; lastKnownFileType = image.png; name = "Icon-Web-App.png"; path = "../icon/ios/Icon-Web-App.png"; sourceTree = "<group>"; };
		F554AE8C1D0178DB00A80443 /* Icon-Web-App@2x.png */ = {isa = PBXFileReference; lastKnownFileType = image.png; name = "Icon-Web-App@2x.png"; path = "../icon/ios/Icon-Web-App@2x.png"; sourceTree = "<group>"; };
		F554AE8D1D0178DB00A80443 /* Icon-Web-App@3x.png */ = {isa = PBXFileReference; lastKnownFileType = image.png; name = "Icon-Web-App@3x.png"; path = "../icon/ios/Icon-Web-App@3x.png"; sourceTree = "<group>"; };
		F554AE8E1D0178DB00A80443 /* iTunesArtwork.png */ = {isa = PBXFileReference; lastKnownFileType = image.png; name = iTunesArtwork.png; path = ../icon/ios/iTunesArtwork.png; sourceTree = "<group>"; };
		F554AE8F1D0178DB00A80443 /* iTunesArtwork@2x.png */ = {isa = PBXFileReference; lastKnownFileType = image.png; name = "iTunesArtwork@2x.png"; path = "../icon/ios/iTunesArtwork@2x.png"; sourceTree = "<group>"; };
		F554AEAC1D01790A00A80443 /* Images.xcassets */ = {isa = PBXFileReference; lastKnownFileType = folder.assetcatalog; path = Images.xcassets; sourceTree = "<group>"; };
		F554AEAE1D01797600A80443 /* Images-2.xcassets */ = {isa = PBXFileReference; lastKnownFileType = folder.assetcatalog; path = "Images-2.xcassets"; sourceTree = "<group>"; };
		F5578ED31D0ACC2200169AFB /* AVFoundation.framework */ = {isa = PBXFileReference; lastKnownFileType = wrapper.framework; name = AVFoundation.framework; path = System/Library/Frameworks/AVFoundation.framework; sourceTree = SDKROOT; };
		F58336041D0982A600FEF409 /* VakkenViewController.swift */ = {isa = PBXFileReference; fileEncoding = 4; lastKnownFileType = sourcecode.swift; path = VakkenViewController.swift; sourceTree = "<group>"; };
		F594B1121D0AAFE4006034BA /* TrophyChestController.swift */ = {isa = PBXFileReference; fileEncoding = 4; lastKnownFileType = sourcecode.swift; path = TrophyChestController.swift; sourceTree = "<group>"; };
		F594B1141D0AC5F6006034BA /* speaker.png */ = {isa = PBXFileReference; lastKnownFileType = image.png; path = speaker.png; sourceTree = "<group>"; };
		F5A198411CF850C60042703C /* Piechart.swift */ = {isa = PBXFileReference; fileEncoding = 4; lastKnownFileType = sourcecode.swift; name = Piechart.swift; path = ../PieChart/Piechart.swift; sourceTree = "<group>"; };
		F5A9A66B1D01706C00CAF718 /* LoginController.swift */ = {isa = PBXFileReference; fileEncoding = 4; lastKnownFileType = sourcecode.swift; path = LoginController.swift; sourceTree = "<group>"; };
		F5A9A66D1D01732E00CAF718 /* Pupil.swift */ = {isa = PBXFileReference; fileEncoding = 4; lastKnownFileType = sourcecode.swift; path = Pupil.swift; sourceTree = "<group>"; };
/* End PBXFileReference section */

/* Begin PBXFrameworksBuildPhase section */
		20C04EC61CEF1BE300B09717 /* Frameworks */ = {
			isa = PBXFrameworksBuildPhase;
			buildActionMask = 2147483647;
			files = (
				F5578ED41D0ACC2200169AFB /* AVFoundation.framework in Frameworks */,
			);
			runOnlyForDeploymentPostprocessing = 0;
		};
		20C04EDD1CEF1BE400B09717 /* Frameworks */ = {
			isa = PBXFrameworksBuildPhase;
			buildActionMask = 2147483647;
			files = (
			);
			runOnlyForDeploymentPostprocessing = 0;
		};
		20C04EE81CEF1BE400B09717 /* Frameworks */ = {
			isa = PBXFrameworksBuildPhase;
			buildActionMask = 2147483647;
			files = (
			);
			runOnlyForDeploymentPostprocessing = 0;
		};
/* End PBXFrameworksBuildPhase section */

/* Begin PBXGroup section */
		20C04EC01CEF1BE300B09717 = {
			isa = PBXGroup;
			children = (
				F5578ED31D0ACC2200169AFB /* AVFoundation.framework */,
				F554AEAB1D0178E200A80443 /* Icons */,
				F503AE1F1CF83CCF00DA3F45 /* Fonts */,
				20C04ECB1CEF1BE300B09717 /* WordFlip */,
				20C04EE31CEF1BE400B09717 /* WordFlipTests */,
				20C04EEE1CEF1BE400B09717 /* WordFlipUITests */,
				20C04ECA1CEF1BE300B09717 /* Products */,
			);
			sourceTree = "<group>";
		};
		20C04ECA1CEF1BE300B09717 /* Products */ = {
			isa = PBXGroup;
			children = (
				20C04EC91CEF1BE300B09717 /* WordFlip.app */,
				20C04EE01CEF1BE400B09717 /* WordFlipTests.xctest */,
				20C04EEB1CEF1BE400B09717 /* WordFlipUITests.xctest */,
			);
			name = Products;
			sourceTree = "<group>";
		};
		20C04ECB1CEF1BE300B09717 /* WordFlip */ = {
			isa = PBXGroup;
			children = (
				F503AE341CF8454900DA3F45 /* AgendaViewController.swift */,
				20C04ECC1CEF1BE300B09717 /* AppDelegate.swift */,
				20C04ED61CEF1BE300B09717 /* icon.zip */,
				F554AEAE1D01797600A80443 /* Images-2.xcassets */,
				F554AEAC1D01790A00A80443 /* Images.xcassets */,
				20C04EDB1CEF1BE300B09717 /* Info.plist */,
				20C04ED81CEF1BE300B09717 /* LaunchScreen.storyboard */,
				F5A9A66B1D01706C00CAF718 /* LoginController.swift */,
				F503AE191CF8367000DA3F45 /* logo.png */,
				20C04ED01CEF1BE300B09717 /* Main.storyboard */,
				F5A198411CF850C60042703C /* Piechart.swift */,
				F5A9A66D1D01732E00CAF718 /* Pupil.swift */,
				20D80CAB1CF7046D004DD75E /* SplashViewController.swift */,
				20C04ECE1CEF1BE300B09717 /* ViewController.swift */,
				20C04ED31CEF1BE300B09717 /* WordFlip.xcdatamodeld */,
				F502334C1D073C8700E4275D /* Word.swift */,
				F502334E1D073E8F00E4275D /* WordViewController.swift */,
				F58336041D0982A600FEF409 /* VakkenViewController.swift */,
				F594B1121D0AAFE4006034BA /* TrophyChestController.swift */,
			);
			path = WordFlip;
			sourceTree = "<group>";
		};
		20C04EE31CEF1BE400B09717 /* WordFlipTests */ = {
			isa = PBXGroup;
			children = (
				20C04EE41CEF1BE400B09717 /* WordFlipTests.swift */,
				20C04EE61CEF1BE400B09717 /* Info.plist */,
			);
			path = WordFlipTests;
			sourceTree = "<group>";
		};
		20C04EEE1CEF1BE400B09717 /* WordFlipUITests */ = {
			isa = PBXGroup;
			children = (
				20C04EEF1CEF1BE400B09717 /* WordFlipUITests.swift */,
				20C04EF11CEF1BE400B09717 /* Info.plist */,
			);
			path = WordFlipUITests;
			sourceTree = "<group>";
		};
		F503AE1F1CF83CCF00DA3F45 /* Fonts */ = {
			isa = PBXGroup;
			children = (
				F503AE1B1CF83CCA00DA3F45 /* Roboto-Light.ttf */,
				F503AE1C1CF83CCA00DA3F45 /* Roboto-LightItalic.ttf */,
			);
			name = Fonts;
			sourceTree = "<group>";
		};
		F554AEAB1D0178E200A80443 /* Icons */ = {
			isa = PBXGroup;
			children = (
				F594B1141D0AC5F6006034BA /* speaker.png */,
				F554AE751D0178DB00A80443 /* Icon-App-iPad-Pro.png */,
				F554AE761D0178DB00A80443 /* Icon-App-iPad.png */,
				F554AE771D0178DB00A80443 /* Icon-App-iPad@2x.png */,
				F554AE781D0178DB00A80443 /* Icon-App.png */,
				F554AE791D0178DB00A80443 /* Icon-App@2x.png */,
				F554AE7A1D0178DB00A80443 /* Icon-App@3x.png */,
				F554AE7B1D0178DB00A80443 /* Icon-Settings.png */,
				F554AE7C1D0178DB00A80443 /* Icon-Settings@2x.png */,
				F554AE7D1D0178DB00A80443 /* Icon-Settings@3x.png */,
				F554AE7E1D0178DB00A80443 /* Icon-Spotlight-iPhone-4-5.png */,
				F554AE7F1D0178DB00A80443 /* Icon-Spotlight-iPhone-6.png */,
				F554AE801D0178DB00A80443 /* Icon-Spotlight.png */,
				F554AE811D0178DB00A80443 /* Icon-Spotlight@2x.png */,
				F554AE821D0178DB00A80443 /* Icon-Spotlight@3x.png */,
				F554AE831D0178DB00A80443 /* Icon-Tab-Bar.png */,
				F554AE841D0178DB00A80443 /* Icon-Tab-Bar@2x.png */,
				F554AE851D0178DB00A80443 /* Icon-Tab-Bar@3x.png */,
				F554AE861D0178DB00A80443 /* Icon-Toolbar.png */,
				F554AE871D0178DB00A80443 /* Icon-Toolbar@2x.png */,
				F554AE881D0178DB00A80443 /* Icon-Toolbar@3x.png */,
				F554AE891D0178DB00A80443 /* Icon-Web-App-iPad.png */,
				F554AE8A1D0178DB00A80443 /* Icon-Web-App-iPad@2x.png */,
				F554AE8B1D0178DB00A80443 /* Icon-Web-App.png */,
				F554AE8C1D0178DB00A80443 /* Icon-Web-App@2x.png */,
				F554AE8D1D0178DB00A80443 /* Icon-Web-App@3x.png */,
				F554AE8E1D0178DB00A80443 /* iTunesArtwork.png */,
				F554AE8F1D0178DB00A80443 /* iTunesArtwork@2x.png */,
			);
			name = Icons;
			sourceTree = "<group>";
		};
/* End PBXGroup section */

/* Begin PBXNativeTarget section */
		20C04EC81CEF1BE300B09717 /* WordFlip */ = {
			isa = PBXNativeTarget;
			buildConfigurationList = 20C04EF41CEF1BE400B09717 /* Build configuration list for PBXNativeTarget "WordFlip" */;
			buildPhases = (
				20C04EC51CEF1BE300B09717 /* Sources */,
				20C04EC61CEF1BE300B09717 /* Frameworks */,
				20C04EC71CEF1BE300B09717 /* Resources */,
				F503AE331CF8442300DA3F45 /* Embed Frameworks */,
			);
			buildRules = (
			);
			dependencies = (
			);
			name = WordFlip;
			productName = WordFlip;
			productReference = 20C04EC91CEF1BE300B09717 /* WordFlip.app */;
			productType = "com.apple.product-type.application";
		};
		20C04EDF1CEF1BE400B09717 /* WordFlipTests */ = {
			isa = PBXNativeTarget;
			buildConfigurationList = 20C04EF71CEF1BE400B09717 /* Build configuration list for PBXNativeTarget "WordFlipTests" */;
			buildPhases = (
				20C04EDC1CEF1BE400B09717 /* Sources */,
				20C04EDD1CEF1BE400B09717 /* Frameworks */,
				20C04EDE1CEF1BE400B09717 /* Resources */,
			);
			buildRules = (
			);
			dependencies = (
				20C04EE21CEF1BE400B09717 /* PBXTargetDependency */,
			);
			name = WordFlipTests;
			productName = WordFlipTests;
			productReference = 20C04EE01CEF1BE400B09717 /* WordFlipTests.xctest */;
			productType = "com.apple.product-type.bundle.unit-test";
		};
		20C04EEA1CEF1BE400B09717 /* WordFlipUITests */ = {
			isa = PBXNativeTarget;
			buildConfigurationList = 20C04EFA1CEF1BE400B09717 /* Build configuration list for PBXNativeTarget "WordFlipUITests" */;
			buildPhases = (
				20C04EE71CEF1BE400B09717 /* Sources */,
				20C04EE81CEF1BE400B09717 /* Frameworks */,
				20C04EE91CEF1BE400B09717 /* Resources */,
			);
			buildRules = (
			);
			dependencies = (
				20C04EED1CEF1BE400B09717 /* PBXTargetDependency */,
			);
			name = WordFlipUITests;
			productName = WordFlipUITests;
			productReference = 20C04EEB1CEF1BE400B09717 /* WordFlipUITests.xctest */;
			productType = "com.apple.product-type.bundle.ui-testing";
		};
/* End PBXNativeTarget section */

/* Begin PBXProject section */
		20C04EC11CEF1BE300B09717 /* Project object */ = {
			isa = PBXProject;
			attributes = {
				LastSwiftUpdateCheck = 0720;
				LastUpgradeCheck = 0720;
				ORGANIZATIONNAME = FHICT;
				TargetAttributes = {
					20C04EC81CEF1BE300B09717 = {
						CreatedOnToolsVersion = 7.2.1;
						DevelopmentTeam = 3YHSFD6C25;
					};
					20C04EDF1CEF1BE400B09717 = {
						CreatedOnToolsVersion = 7.2.1;
						DevelopmentTeam = 3YHSFD6C25;
						TestTargetID = 20C04EC81CEF1BE300B09717;
					};
					20C04EEA1CEF1BE400B09717 = {
						CreatedOnToolsVersion = 7.2.1;
						DevelopmentTeam = 3YHSFD6C25;
						TestTargetID = 20C04EC81CEF1BE300B09717;
					};
				};
			};
			buildConfigurationList = 20C04EC41CEF1BE300B09717 /* Build configuration list for PBXProject "WordFlip" */;
			compatibilityVersion = "Xcode 3.2";
			developmentRegion = English;
			hasScannedForEncodings = 0;
			knownRegions = (
				en,
				Base,
			);
			mainGroup = 20C04EC01CEF1BE300B09717;
			productRefGroup = 20C04ECA1CEF1BE300B09717 /* Products */;
			projectDirPath = "";
			projectRoot = "";
			targets = (
				20C04EC81CEF1BE300B09717 /* WordFlip */,
				20C04EDF1CEF1BE400B09717 /* WordFlipTests */,
				20C04EEA1CEF1BE400B09717 /* WordFlipUITests */,
			);
		};
/* End PBXProject section */

/* Begin PBXResourcesBuildPhase section */
		20C04EC71CEF1BE300B09717 /* Resources */ = {
			isa = PBXResourcesBuildPhase;
			buildActionMask = 2147483647;
			files = (
				F554AE971D0178DB00A80443 /* Icon-Settings@2x.png in Resources */,
				F503AE1A1CF8367000DA3F45 /* logo.png in Resources */,
				F554AEA61D0178DB00A80443 /* Icon-Web-App.png in Resources */,
				F554AEA01D0178DB00A80443 /* Icon-Tab-Bar@3x.png in Resources */,
				F554AE921D0178DB00A80443 /* Icon-App-iPad@2x.png in Resources */,
				20C04EDA1CEF1BE300B09717 /* LaunchScreen.storyboard in Resources */,
				F554AEA91D0178DB00A80443 /* iTunesArtwork.png in Resources */,
				F554AEA71D0178DB00A80443 /* Icon-Web-App@2x.png in Resources */,
				F503AE1E1CF83CCA00DA3F45 /* Roboto-LightItalic.ttf in Resources */,
				F554AE9B1D0178DB00A80443 /* Icon-Spotlight.png in Resources */,
				F554AEA21D0178DB00A80443 /* Icon-Toolbar@2x.png in Resources */,
				F554AEAD1D01790A00A80443 /* Images.xcassets in Resources */,
				F554AE9A1D0178DB00A80443 /* Icon-Spotlight-iPhone-6.png in Resources */,
				F554AE9F1D0178DB00A80443 /* Icon-Tab-Bar@2x.png in Resources */,
				F554AEAA1D0178DB00A80443 /* iTunesArtwork@2x.png in Resources */,
				F554AEA31D0178DB00A80443 /* Icon-Toolbar@3x.png in Resources */,
				F554AE9C1D0178DB00A80443 /* Icon-Spotlight@2x.png in Resources */,
				F503AE1D1CF83CCA00DA3F45 /* Roboto-Light.ttf in Resources */,
				20C04ED71CEF1BE300B09717 /* icon.zip in Resources */,
				F554AE991D0178DB00A80443 /* Icon-Spotlight-iPhone-4-5.png in Resources */,
				F554AE9D1D0178DB00A80443 /* Icon-Spotlight@3x.png in Resources */,
				F554AEA41D0178DB00A80443 /* Icon-Web-App-iPad.png in Resources */,
				F554AE961D0178DB00A80443 /* Icon-Settings.png in Resources */,
				F554AEAF1D01797600A80443 /* Images-2.xcassets in Resources */,
				F554AE9E1D0178DB00A80443 /* Icon-Tab-Bar.png in Resources */,
				F594B1151D0AC5F6006034BA /* speaker.png in Resources */,
				F554AE901D0178DB00A80443 /* Icon-App-iPad-Pro.png in Resources */,
				F554AE911D0178DB00A80443 /* Icon-App-iPad.png in Resources */,
				F554AE981D0178DB00A80443 /* Icon-Settings@3x.png in Resources */,
				F554AE951D0178DB00A80443 /* Icon-App@3x.png in Resources */,
				F554AEA11D0178DB00A80443 /* Icon-Toolbar.png in Resources */,
				F554AE931D0178DB00A80443 /* Icon-App.png in Resources */,
				F554AEA81D0178DB00A80443 /* Icon-Web-App@3x.png in Resources */,
				20C04ED21CEF1BE300B09717 /* Main.storyboard in Resources */,
				F554AEA51D0178DB00A80443 /* Icon-Web-App-iPad@2x.png in Resources */,
				F554AE941D0178DB00A80443 /* Icon-App@2x.png in Resources */,
			);
			runOnlyForDeploymentPostprocessing = 0;
		};
		20C04EDE1CEF1BE400B09717 /* Resources */ = {
			isa = PBXResourcesBuildPhase;
			buildActionMask = 2147483647;
			files = (
			);
			runOnlyForDeploymentPostprocessing = 0;
		};
		20C04EE91CEF1BE400B09717 /* Resources */ = {
			isa = PBXResourcesBuildPhase;
			buildActionMask = 2147483647;
			files = (
			);
			runOnlyForDeploymentPostprocessing = 0;
		};
/* End PBXResourcesBuildPhase section */

/* Begin PBXSourcesBuildPhase section */
		20C04EC51CEF1BE300B09717 /* Sources */ = {
			isa = PBXSourcesBuildPhase;
			buildActionMask = 2147483647;
			files = (
				F5A9A66E1D01732E00CAF718 /* Pupil.swift in Sources */,
				20C04ECF1CEF1BE300B09717 /* ViewController.swift in Sources */,
				F502334F1D073E8F00E4275D /* WordViewController.swift in Sources */,
				F502334D1D073C8700E4275D /* Word.swift in Sources */,
				F58336051D0982A600FEF409 /* VakkenViewController.swift in Sources */,
				20C04ECD1CEF1BE300B09717 /* AppDelegate.swift in Sources */,
				20C04ED51CEF1BE300B09717 /* WordFlip.xcdatamodeld in Sources */,
				F594B1131D0AAFE4006034BA /* TrophyChestController.swift in Sources */,
				F503AE351CF8454900DA3F45 /* AgendaViewController.swift in Sources */,
				F5A198431CF850C60042703C /* Piechart.swift in Sources */,
				20D80CAC1CF7046D004DD75E /* SplashViewController.swift in Sources */,
				F5A9A66C1D01706C00CAF718 /* LoginController.swift in Sources */,
			);
			runOnlyForDeploymentPostprocessing = 0;
		};
		20C04EDC1CEF1BE400B09717 /* Sources */ = {
			isa = PBXSourcesBuildPhase;
			buildActionMask = 2147483647;
			files = (
				20C04EE51CEF1BE400B09717 /* WordFlipTests.swift in Sources */,
			);
			runOnlyForDeploymentPostprocessing = 0;
		};
		20C04EE71CEF1BE400B09717 /* Sources */ = {
			isa = PBXSourcesBuildPhase;
			buildActionMask = 2147483647;
			files = (
				20C04EF01CEF1BE400B09717 /* WordFlipUITests.swift in Sources */,
			);
			runOnlyForDeploymentPostprocessing = 0;
		};
/* End PBXSourcesBuildPhase section */

/* Begin PBXTargetDependency section */
		20C04EE21CEF1BE400B09717 /* PBXTargetDependency */ = {
			isa = PBXTargetDependency;
			target = 20C04EC81CEF1BE300B09717 /* WordFlip */;
			targetProxy = 20C04EE11CEF1BE400B09717 /* PBXContainerItemProxy */;
		};
		20C04EED1CEF1BE400B09717 /* PBXTargetDependency */ = {
			isa = PBXTargetDependency;
			target = 20C04EC81CEF1BE300B09717 /* WordFlip */;
			targetProxy = 20C04EEC1CEF1BE400B09717 /* PBXContainerItemProxy */;
		};
/* End PBXTargetDependency section */

/* Begin PBXVariantGroup section */
		20C04ED01CEF1BE300B09717 /* Main.storyboard */ = {
			isa = PBXVariantGroup;
			children = (
				20C04ED11CEF1BE300B09717 /* Base */,
			);
			name = Main.storyboard;
			sourceTree = "<group>";
		};
		20C04ED81CEF1BE300B09717 /* LaunchScreen.storyboard */ = {
			isa = PBXVariantGroup;
			children = (
				20C04ED91CEF1BE300B09717 /* Base */,
			);
			name = LaunchScreen.storyboard;
			sourceTree = "<group>";
		};
/* End PBXVariantGroup section */

/* Begin XCBuildConfiguration section */
		20C04EF21CEF1BE400B09717 /* Debug */ = {
			isa = XCBuildConfiguration;
			buildSettings = {
				ALWAYS_SEARCH_USER_PATHS = NO;
				CLANG_CXX_LANGUAGE_STANDARD = "gnu++0x";
				CLANG_CXX_LIBRARY = "libc++";
				CLANG_ENABLE_MODULES = YES;
				CLANG_ENABLE_OBJC_ARC = YES;
				CLANG_WARN_BOOL_CONVERSION = YES;
				CLANG_WARN_CONSTANT_CONVERSION = YES;
				CLANG_WARN_DIRECT_OBJC_ISA_USAGE = YES_ERROR;
				CLANG_WARN_EMPTY_BODY = YES;
				CLANG_WARN_ENUM_CONVERSION = YES;
				CLANG_WARN_INT_CONVERSION = YES;
				CLANG_WARN_OBJC_ROOT_CLASS = YES_ERROR;
				CLANG_WARN_UNREACHABLE_CODE = YES;
				CLANG_WARN__DUPLICATE_METHOD_MATCH = YES;
				"CODE_SIGN_IDENTITY[sdk=iphoneos*]" = "iPhone Developer";
				COPY_PHASE_STRIP = NO;
				DEBUG_INFORMATION_FORMAT = dwarf;
				ENABLE_STRICT_OBJC_MSGSEND = YES;
				ENABLE_TESTABILITY = YES;
				GCC_C_LANGUAGE_STANDARD = gnu99;
				GCC_DYNAMIC_NO_PIC = NO;
				GCC_NO_COMMON_BLOCKS = YES;
				GCC_OPTIMIZATION_LEVEL = 0;
				GCC_PREPROCESSOR_DEFINITIONS = (
					"DEBUG=1",
					"$(inherited)",
				);
				GCC_WARN_64_TO_32_BIT_CONVERSION = YES;
				GCC_WARN_ABOUT_RETURN_TYPE = YES_ERROR;
				GCC_WARN_UNDECLARED_SELECTOR = YES;
				GCC_WARN_UNINITIALIZED_AUTOS = YES_AGGRESSIVE;
				GCC_WARN_UNUSED_FUNCTION = YES;
				GCC_WARN_UNUSED_VARIABLE = YES;
				IPHONEOS_DEPLOYMENT_TARGET = 9.2;
				MTL_ENABLE_DEBUG_INFO = YES;
				ONLY_ACTIVE_ARCH = YES;
				SDKROOT = iphoneos;
				SWIFT_OPTIMIZATION_LEVEL = "-Onone";
			};
			name = Debug;
		};
		20C04EF31CEF1BE400B09717 /* Release */ = {
			isa = XCBuildConfiguration;
			buildSettings = {
				ALWAYS_SEARCH_USER_PATHS = NO;
				CLANG_CXX_LANGUAGE_STANDARD = "gnu++0x";
				CLANG_CXX_LIBRARY = "libc++";
				CLANG_ENABLE_MODULES = YES;
				CLANG_ENABLE_OBJC_ARC = YES;
				CLANG_WARN_BOOL_CONVERSION = YES;
				CLANG_WARN_CONSTANT_CONVERSION = YES;
				CLANG_WARN_DIRECT_OBJC_ISA_USAGE = YES_ERROR;
				CLANG_WARN_EMPTY_BODY = YES;
				CLANG_WARN_ENUM_CONVERSION = YES;
				CLANG_WARN_INT_CONVERSION = YES;
				CLANG_WARN_OBJC_ROOT_CLASS = YES_ERROR;
				CLANG_WARN_UNREACHABLE_CODE = YES;
				CLANG_WARN__DUPLICATE_METHOD_MATCH = YES;
				"CODE_SIGN_IDENTITY[sdk=iphoneos*]" = "iPhone Developer";
				COPY_PHASE_STRIP = NO;
				DEBUG_INFORMATION_FORMAT = "dwarf-with-dsym";
				ENABLE_NS_ASSERTIONS = NO;
				ENABLE_STRICT_OBJC_MSGSEND = YES;
				GCC_C_LANGUAGE_STANDARD = gnu99;
				GCC_NO_COMMON_BLOCKS = YES;
				GCC_WARN_64_TO_32_BIT_CONVERSION = YES;
				GCC_WARN_ABOUT_RETURN_TYPE = YES_ERROR;
				GCC_WARN_UNDECLARED_SELECTOR = YES;
				GCC_WARN_UNINITIALIZED_AUTOS = YES_AGGRESSIVE;
				GCC_WARN_UNUSED_FUNCTION = YES;
				GCC_WARN_UNUSED_VARIABLE = YES;
				IPHONEOS_DEPLOYMENT_TARGET = 9.2;
				MTL_ENABLE_DEBUG_INFO = NO;
				SDKROOT = iphoneos;
				VALIDATE_PRODUCT = YES;
			};
			name = Release;
		};
		20C04EF51CEF1BE400B09717 /* Debug */ = {
			isa = XCBuildConfiguration;
			buildSettings = {
				ASSETCATALOG_COMPILER_APPICON_NAME = AppIcon;
				CODE_SIGN_IDENTITY = "iPhone Developer";
				EMBEDDED_CONTENT_CONTAINS_SWIFT = YES;
				INFOPLIST_FILE = WordFlip/Info.plist;
				LD_RUNPATH_SEARCH_PATHS = "$(inherited) @executable_path/Frameworks";
				PRODUCT_BUNDLE_IDENTIFIER = "com.Dragonball-Z.Kaio-ken";
				PRODUCT_NAME = "$(TARGET_NAME)";
			};
			name = Debug;
		};
		20C04EF61CEF1BE400B09717 /* Release */ = {
			isa = XCBuildConfiguration;
			buildSettings = {
				ASSETCATALOG_COMPILER_APPICON_NAME = AppIcon;
				CODE_SIGN_IDENTITY = "iPhone Developer";
				EMBEDDED_CONTENT_CONTAINS_SWIFT = YES;
				INFOPLIST_FILE = WordFlip/Info.plist;
				LD_RUNPATH_SEARCH_PATHS = "$(inherited) @executable_path/Frameworks";
				PRODUCT_BUNDLE_IDENTIFIER = "com.Dragonball-Z.Kaio-ken";
				PRODUCT_NAME = "$(TARGET_NAME)";
			};
			name = Release;
		};
		20C04EF81CEF1BE400B09717 /* Debug */ = {
			isa = XCBuildConfiguration;
			buildSettings = {
				BUNDLE_LOADER = "$(TEST_HOST)";
				INFOPLIST_FILE = WordFlipTests/Info.plist;
				LD_RUNPATH_SEARCH_PATHS = "$(inherited) @executable_path/Frameworks @loader_path/Frameworks";
				PRODUCT_BUNDLE_IDENTIFIER = com.fontys.edu.WordFlipTests;
				PRODUCT_NAME = "$(TARGET_NAME)";
				TEST_HOST = "$(BUILT_PRODUCTS_DIR)/WordFlip.app/WordFlip";
			};
			name = Debug;
		};
		20C04EF91CEF1BE400B09717 /* Release */ = {
			isa = XCBuildConfiguration;
			buildSettings = {
				BUNDLE_LOADER = "$(TEST_HOST)";
				INFOPLIST_FILE = WordFlipTests/Info.plist;
				LD_RUNPATH_SEARCH_PATHS = "$(inherited) @executable_path/Frameworks @loader_path/Frameworks";
				PRODUCT_BUNDLE_IDENTIFIER = com.fontys.edu.WordFlipTests;
				PRODUCT_NAME = "$(TARGET_NAME)";
				TEST_HOST = "$(BUILT_PRODUCTS_DIR)/WordFlip.app/WordFlip";
			};
			name = Release;
		};
		20C04EFB1CEF1BE400B09717 /* Debug */ = {
			isa = XCBuildConfiguration;
			buildSettings = {
				INFOPLIST_FILE = WordFlipUITests/Info.plist;
				LD_RUNPATH_SEARCH_PATHS = "$(inherited) @executable_path/Frameworks @loader_path/Frameworks";
				PRODUCT_BUNDLE_IDENTIFIER = com.fontys.edu.WordFlipUITests;
				PRODUCT_NAME = "$(TARGET_NAME)";
				TEST_TARGET_NAME = WordFlip;
				USES_XCTRUNNER = YES;
			};
			name = Debug;
		};
		20C04EFC1CEF1BE400B09717 /* Release */ = {
			isa = XCBuildConfiguration;
			buildSettings = {
				INFOPLIST_FILE = WordFlipUITests/Info.plist;
				LD_RUNPATH_SEARCH_PATHS = "$(inherited) @executable_path/Frameworks @loader_path/Frameworks";
				PRODUCT_BUNDLE_IDENTIFIER = com.fontys.edu.WordFlipUITests;
				PRODUCT_NAME = "$(TARGET_NAME)";
				TEST_TARGET_NAME = WordFlip;
				USES_XCTRUNNER = YES;
			};
			name = Release;
		};
/* End XCBuildConfiguration section */

/* Begin XCConfigurationList section */
		20C04EC41CEF1BE300B09717 /* Build configuration list for PBXProject "WordFlip" */ = {
			isa = XCConfigurationList;
			buildConfigurations = (
				20C04EF21CEF1BE400B09717 /* Debug */,
				20C04EF31CEF1BE400B09717 /* Release */,
			);
			defaultConfigurationIsVisible = 0;
			defaultConfigurationName = Release;
		};
		20C04EF41CEF1BE400B09717 /* Build configuration list for PBXNativeTarget "WordFlip" */ = {
			isa = XCConfigurationList;
			buildConfigurations = (
				20C04EF51CEF1BE400B09717 /* Debug */,
				20C04EF61CEF1BE400B09717 /* Release */,
			);
			defaultConfigurationIsVisible = 0;
			defaultConfigurationName = Release;
		};
		20C04EF71CEF1BE400B09717 /* Build configuration list for PBXNativeTarget "WordFlipTests" */ = {
			isa = XCConfigurationList;
			buildConfigurations = (
				20C04EF81CEF1BE400B09717 /* Debug */,
				20C04EF91CEF1BE400B09717 /* Release */,
			);
			defaultConfigurationIsVisible = 0;
			defaultConfigurationName = Release;
		};
		20C04EFA1CEF1BE400B09717 /* Build configuration list for PBXNativeTarget "WordFlipUITests" */ = {
			isa = XCConfigurationList;
			buildConfigurations = (
				20C04EFB1CEF1BE400B09717 /* Debug */,
				20C04EFC1CEF1BE400B09717 /* Release */,
			);
			defaultConfigurationIsVisible = 0;
			defaultConfigurationName = Release;
		};
/* End XCConfigurationList section */

/* Begin XCVersionGroup section */
		20C04ED31CEF1BE300B09717 /* WordFlip.xcdatamodeld */ = {
			isa = XCVersionGroup;
			children = (
				20C04ED41CEF1BE300B09717 /* WordFlip.xcdatamodel */,
			);
			currentVersion = 20C04ED41CEF1BE300B09717 /* WordFlip.xcdatamodel */;
			path = WordFlip.xcdatamodeld;
			sourceTree = "<group>";
			versionGroupType = wrapper.xcdatamodel;
		};
/* End XCVersionGroup section */
	};
	rootObject = 20C04EC11CEF1BE300B09717 /* Project object */;
}
